// !$*UTF8*$!
{
	archiveVersion = 1;
	classes = {
	};
	objectVersion = 55;
	objects = {

/* Begin PBXBuildFile section */
		38D256372A050C7A00E9474C /* AppDelegate.swift in Sources */ = {isa = PBXBuildFile; fileRef = 38D256362A050C7A00E9474C /* AppDelegate.swift */; };
		38D256392A050C7A00E9474C /* SceneDelegate.swift in Sources */ = {isa = PBXBuildFile; fileRef = 38D256382A050C7A00E9474C /* SceneDelegate.swift */; };
		38D2563B2A050C7A00E9474C /* ViewController.swift in Sources */ = {isa = PBXBuildFile; fileRef = 38D2563A2A050C7A00E9474C /* ViewController.swift */; };
		38D2563E2A050C7A00E9474C /* Main.storyboard in Resources */ = {isa = PBXBuildFile; fileRef = 38D2563C2A050C7A00E9474C /* Main.storyboard */; };
		38D256402A050C7C00E9474C /* Assets.xcassets in Resources */ = {isa = PBXBuildFile; fileRef = 38D2563F2A050C7C00E9474C /* Assets.xcassets */; };
		38D256432A050C7C00E9474C /* LaunchScreen.storyboard in Resources */ = {isa = PBXBuildFile; fileRef = 38D256412A050C7C00E9474C /* LaunchScreen.storyboard */; };
		F26870C0564028573F715DBF /* Pods_iswift_lil_software.framework in Frameworks */ = {isa = PBXBuildFile; fileRef = E7E35F6084C3729D3B3BC379 /* Pods_iswift_lil_software.framework */; };
/* End PBXBuildFile section */

/* Begin PBXFileReference section */
		15F55FC76296C0B55F05C3F2 /* Pods-iswift-lil-software.release.xcconfig */ = {isa = PBXFileReference; includeInIndex = 1; lastKnownFileType = text.xcconfig; name = "Pods-iswift-lil-software.release.xcconfig"; path = "Target Support Files/Pods-iswift-lil-software/Pods-iswift-lil-software.release.xcconfig"; sourceTree = "<group>"; };
		38D256332A050C7A00E9474C /* iswift-lil-software.app */ = {isa = PBXFileReference; explicitFileType = wrapper.application; includeInIndex = 0; path = "iswift-lil-software.app"; sourceTree = BUILT_PRODUCTS_DIR; };
		38D256362A050C7A00E9474C /* AppDelegate.swift */ = {isa = PBXFileReference; lastKnownFileType = sourcecode.swift; path = AppDelegate.swift; sourceTree = "<group>"; };
		38D256382A050C7A00E9474C /* SceneDelegate.swift */ = {isa = PBXFileReference; lastKnownFileType = sourcecode.swift; path = SceneDelegate.swift; sourceTree = "<group>"; };
		38D2563A2A050C7A00E9474C /* ViewController.swift */ = {isa = PBXFileReference; lastKnownFileType = sourcecode.swift; path = ViewController.swift; sourceTree = "<group>"; };
		38D2563D2A050C7A00E9474C /* Base */ = {isa = PBXFileReference; lastKnownFileType = file.storyboard; name = Base; path = Base.lproj/Main.storyboard; sourceTree = "<group>"; };
		38D2563F2A050C7C00E9474C /* Assets.xcassets */ = {isa = PBXFileReference; lastKnownFileType = folder.assetcatalog; path = Assets.xcassets; sourceTree = "<group>"; };
		38D256422A050C7C00E9474C /* Base */ = {isa = PBXFileReference; lastKnownFileType = file.storyboard; name = Base; path = Base.lproj/LaunchScreen.storyboard; sourceTree = "<group>"; };
		38D256442A050C7C00E9474C /* Info.plist */ = {isa = PBXFileReference; lastKnownFileType = text.plist.xml; path = Info.plist; sourceTree = "<group>"; };
		9D873E1ADBFE53D11D63C143 /* Pods-iswift-lil-software.debug.xcconfig */ = {isa = PBXFileReference; includeInIndex = 1; lastKnownFileType = text.xcconfig; name = "Pods-iswift-lil-software.debug.xcconfig"; path = "Target Support Files/Pods-iswift-lil-software/Pods-iswift-lil-software.debug.xcconfig"; sourceTree = "<group>"; };
		E7E35F6084C3729D3B3BC379 /* Pods_iswift_lil_software.framework */ = {isa = PBXFileReference; explicitFileType = wrapper.framework; includeInIndex = 0; path = Pods_iswift_lil_software.framework; sourceTree = BUILT_PRODUCTS_DIR; };
/* End PBXFileReference section */

/* Begin PBXFrameworksBuildPhase section */
		38D256302A050C7A00E9474C /* Frameworks */ = {
			isa = PBXFrameworksBuildPhase;
			buildActionMask = 2147483647;
			files = (
				F26870C0564028573F715DBF /* Pods_iswift_lil_software.framework in Frameworks */,
			);
			runOnlyForDeploymentPostprocessing = 0;
		};
/* End PBXFrameworksBuildPhase section */

/* Begin PBXGroup section */
		38D2562A2A050C7A00E9474C = {
			isa = PBXGroup;
			children = (
				38D256352A050C7A00E9474C /* iswift-lil-software */,
				38D256342A050C7A00E9474C /* Products */,
				C5DF4AE078E3F4757FFF55D1 /* Pods */,
				4B41A8A6B830905514163001 /* Frameworks */,
			);
			sourceTree = "<group>";
		};
		38D256342A050C7A00E9474C /* Products */ = {
			isa = PBXGroup;
			children = (
				38D256332A050C7A00E9474C /* iswift-lil-software.app */,
			);
			name = Products;
			sourceTree = "<group>";
		};
		38D256352A050C7A00E9474C /* iswift-lil-software */ = {
			isa = PBXGroup;
			children = (
				38D2564C2A050ED800E9474C /* Controllers */,
				38D2564B2A050ED300E9474C /* Services */,
				38D2564A2A050ECD00E9474C /* Models */,
				38D256362A050C7A00E9474C /* AppDelegate.swift */,
				38D256382A050C7A00E9474C /* SceneDelegate.swift */,
				38D2563A2A050C7A00E9474C /* ViewController.swift */,
				38D2563C2A050C7A00E9474C /* Main.storyboard */,
				38D2563F2A050C7C00E9474C /* Assets.xcassets */,
				38D256412A050C7C00E9474C /* LaunchScreen.storyboard */,
				38D256442A050C7C00E9474C /* Info.plist */,
			);
			path = "iswift-lil-software";
			sourceTree = "<group>";
		};
		38D2564A2A050ECD00E9474C /* Models */ = {
			isa = PBXGroup;
			children = (
			);
			path = Models;
			sourceTree = "<group>";
		};
		38D2564B2A050ED300E9474C /* Services */ = {
			isa = PBXGroup;
			children = (
			);
			path = Services;
			sourceTree = "<group>";
		};
		38D2564C2A050ED800E9474C /* Controllers */ = {
			isa = PBXGroup;
			children = (
				38D2564E2A050EE400E9474C /* ReadingList */,
				38D2564D2A050EDF00E9474C /* Home */,
			);
			path = Controllers;
			sourceTree = "<group>";
		};
		38D2564D2A050EDF00E9474C /* Home */ = {
			isa = PBXGroup;
			children = (
			);
			path = Home;
			sourceTree = "<group>";
		};
		38D2564E2A050EE400E9474C /* ReadingList */ = {
			isa = PBXGroup;
			children = (
			);
			path = ReadingList;
			sourceTree = "<group>";
		};
		4B41A8A6B830905514163001 /* Frameworks */ = {
			isa = PBXGroup;
			children = (
				E7E35F6084C3729D3B3BC379 /* Pods_iswift_lil_software.framework */,
			);
			name = Frameworks;
			sourceTree = "<group>";
		};
		C5DF4AE078E3F4757FFF55D1 /* Pods */ = {
			isa = PBXGroup;
			children = (
				9D873E1ADBFE53D11D63C143 /* Pods-iswift-lil-software.debug.xcconfig */,
				15F55FC76296C0B55F05C3F2 /* Pods-iswift-lil-software.release.xcconfig */,
			);
			path = Pods;
			sourceTree = "<group>";
		};
/* End PBXGroup section */

/* Begin PBXNativeTarget section */
		38D256322A050C7A00E9474C /* iswift-lil-software */ = {
			isa = PBXNativeTarget;
			buildConfigurationList = 38D256472A050C7C00E9474C /* Build configuration list for PBXNativeTarget "iswift-lil-software" */;
			buildPhases = (
				D22CE9EC389BE041A9428D1B /* [CP] Check Pods Manifest.lock */,
				38D2562F2A050C7A00E9474C /* Sources */,
				38D256302A050C7A00E9474C /* Frameworks */,
				38D256312A050C7A00E9474C /* Resources */,
				15EC29C16F6BE776EBC07F50 /* [CP] Embed Pods Frameworks */,
			);
			buildRules = (
			);
			dependencies = (
			);
			name = "iswift-lil-software";
			productName = "iswift-lil-software";
			productReference = 38D256332A050C7A00E9474C /* iswift-lil-software.app */;
			productType = "com.apple.product-type.application";
		};
/* End PBXNativeTarget section */

/* Begin PBXProject section */
		38D2562B2A050C7A00E9474C /* Project object */ = {
			isa = PBXProject;
			attributes = {
				BuildIndependentTargetsInParallel = 1;
				LastSwiftUpdateCheck = 1320;
				LastUpgradeCheck = 1320;
				TargetAttributes = {
					38D256322A050C7A00E9474C = {
						CreatedOnToolsVersion = 13.2;
					};
				};
			};
			buildConfigurationList = 38D2562E2A050C7A00E9474C /* Build configuration list for PBXProject "iswift-lil-software" */;
			compatibilityVersion = "Xcode 13.0";
			developmentRegion = en;
			hasScannedForEncodings = 0;
			knownRegions = (
				en,
				Base,
			);
			mainGroup = 38D2562A2A050C7A00E9474C;
			productRefGroup = 38D256342A050C7A00E9474C /* Products */;
			projectDirPath = "";
			projectRoot = "";
			targets = (
				38D256322A050C7A00E9474C /* iswift-lil-software */,
			);
		};
/* End PBXProject section */

/* Begin PBXResourcesBuildPhase section */
		38D256312A050C7A00E9474C /* Resources */ = {
			isa = PBXResourcesBuildPhase;
			buildActionMask = 2147483647;
			files = (
				38D256432A050C7C00E9474C /* LaunchScreen.storyboard in Resources */,
				38D256402A050C7C00E9474C /* Assets.xcassets in Resources */,
				38D2563E2A050C7A00E9474C /* Main.storyboard in Resources */,
			);
			runOnlyForDeploymentPostprocessing = 0;
		};
/* End PBXResourcesBuildPhase section */

/* Begin PBXShellScriptBuildPhase section */
		15EC29C16F6BE776EBC07F50 /* [CP] Embed Pods Frameworks */ = {
			isa = PBXShellScriptBuildPhase;
			buildActionMask = 2147483647;
			files = (
			);
			inputFileListPaths = (
				"${PODS_ROOT}/Target Support Files/Pods-iswift-lil-software/Pods-iswift-lil-software-frameworks-${CONFIGURATION}-input-files.xcfilelist",
			);
			name = "[CP] Embed Pods Frameworks";
			outputFileListPaths = (
				"${PODS_ROOT}/Target Support Files/Pods-iswift-lil-software/Pods-iswift-lil-software-frameworks-${CONFIGURATION}-output-files.xcfilelist",
			);
			runOnlyForDeploymentPostprocessing = 0;
			shellPath = /bin/sh;
			shellScript = "\"${PODS_ROOT}/Target Support Files/Pods-iswift-lil-software/Pods-iswift-lil-software-frameworks.sh\"\n";
			showEnvVarsInLog = 0;
		};
		D22CE9EC389BE041A9428D1B /* [CP] Check Pods Manifest.lock */ = {
			isa = PBXShellScriptBuildPhase;
			buildActionMask = 2147483647;
			files = (
			);
			inputFileListPaths = (
			);
			inputPaths = (
				"${PODS_PODFILE_DIR_PATH}/Podfile.lock",
				"${PODS_ROOT}/Manifest.lock",
			);
			name = "[CP] Check Pods Manifest.lock";
			outputFileListPaths = (
			);
			outputPaths = (
				"$(DERIVED_FILE_DIR)/Pods-iswift-lil-software-checkManifestLockResult.txt",
			);
			runOnlyForDeploymentPostprocessing = 0;
			shellPath = /bin/sh;
			shellScript = "diff \"${PODS_PODFILE_DIR_PATH}/Podfile.lock\" \"${PODS_ROOT}/Manifest.lock\" > /dev/null\nif [ $? != 0 ] ; then\n    # print error to STDERR\n    echo \"error: The sandbox is not in sync with the Podfile.lock. Run 'pod install' or update your CocoaPods installation.\" >&2\n    exit 1\nfi\n# This output is used by Xcode 'outputs' to avoid re-running this script phase.\necho \"SUCCESS\" > \"${SCRIPT_OUTPUT_FILE_0}\"\n";
			showEnvVarsInLog = 0;
		};
/* End PBXShellScriptBuildPhase section */

/* Begin PBXSourcesBuildPhase section */
		38D2562F2A050C7A00E9474C /* Sources */ = {
			isa = PBXSourcesBuildPhase;
			buildActionMask = 2147483647;
			files = (
				38D2563B2A050C7A00E9474C /* ViewController.swift in Sources */,
				38D256372A050C7A00E9474C /* AppDelegate.swift in Sources */,
				38D256392A050C7A00E9474C /* SceneDelegate.swift in Sources */,
			);
			runOnlyForDeploymentPostprocessing = 0;
		};
/* End PBXSourcesBuildPhase section */

/* Begin PBXVariantGroup section */
		38D2563C2A050C7A00E9474C /* Main.storyboard */ = {
			isa = PBXVariantGroup;
			children = (
				38D2563D2A050C7A00E9474C /* Base */,
			);
			name = Main.storyboard;
			sourceTree = "<group>";
		};
		38D256412A050C7C00E9474C /* LaunchScreen.storyboard */ = {
			isa = PBXVariantGroup;
			children = (
				38D256422A050C7C00E9474C /* Base */,
			);
			name = LaunchScreen.storyboard;
			sourceTree = "<group>";
		};
/* End PBXVariantGroup section */

/* Begin XCBuildConfiguration section */
		38D256452A050C7C00E9474C /* Debug */ = {
			isa = XCBuildConfiguration;
			buildSettings = {
				ALWAYS_SEARCH_USER_PATHS = NO;
				CLANG_ANALYZER_NONNULL = YES;
				CLANG_ANALYZER_NUMBER_OBJECT_CONVERSION = YES_AGGRESSIVE;
				CLANG_CXX_LANGUAGE_STANDARD = "gnu++17";
				CLANG_CXX_LIBRARY = "libc++";
				CLANG_ENABLE_MODULES = YES;
				CLANG_ENABLE_OBJC_ARC = YES;
				CLANG_ENABLE_OBJC_WEAK = YES;
				CLANG_WARN_BLOCK_CAPTURE_AUTORELEASING = YES;
				CLANG_WARN_BOOL_CONVERSION = YES;
				CLANG_WARN_COMMA = YES;
				CLANG_WARN_CONSTANT_CONVERSION = YES;
				CLANG_WARN_DEPRECATED_OBJC_IMPLEMENTATIONS = YES;
				CLANG_WARN_DIRECT_OBJC_ISA_USAGE = YES_ERROR;
				CLANG_WARN_DOCUMENTATION_COMMENTS = YES;
				CLANG_WARN_EMPTY_BODY = YES;
				CLANG_WARN_ENUM_CONVERSION = YES;
				CLANG_WARN_INFINITE_RECURSION = YES;
				CLANG_WARN_INT_CONVERSION = YES;
				CLANG_WARN_NON_LITERAL_NULL_CONVERSION = YES;
				CLANG_WARN_OBJC_IMPLICIT_RETAIN_SELF = YES;
				CLANG_WARN_OBJC_LITERAL_CONVERSION = YES;
				CLANG_WARN_OBJC_ROOT_CLASS = YES_ERROR;
				CLANG_WARN_QUOTED_INCLUDE_IN_FRAMEWORK_HEADER = YES;
				CLANG_WARN_RANGE_LOOP_ANALYSIS = YES;
				CLANG_WARN_STRICT_PROTOTYPES = YES;
				CLANG_WARN_SUSPICIOUS_MOVE = YES;
				CLANG_WARN_UNGUARDED_AVAILABILITY = YES_AGGRESSIVE;
				CLANG_WARN_UNREACHABLE_CODE = YES;
				CLANG_WARN__DUPLICATE_METHOD_MATCH = YES;
				COPY_PHASE_STRIP = NO;
				DEBUG_INFORMATION_FORMAT = dwarf;
				ENABLE_STRICT_OBJC_MSGSEND = YES;
				ENABLE_TESTABILITY = YES;
				GCC_C_LANGUAGE_STANDARD = gnu11;
				GCC_DYNAMIC_NO_PIC = NO;
				GCC_NO_COMMON_BLOCKS = YES;
				GCC_OPTIMIZATION_LEVEL = 0;
				GCC_PREPROCESSOR_DEFINITIONS = (
					"DEBUG=1",
					"$(inherited)",
				);
				GCC_WARN_64_TO_32_BIT_CONVERSION = YES;
				GCC_WARN_ABOUT_RETURN_TYPE = YES_ERROR;
				GCC_WARN_UNDECLARED_SELECTOR = YES;
				GCC_WARN_UNINITIALIZED_AUTOS = YES_AGGRESSIVE;
				GCC_WARN_UNUSED_FUNCTION = YES;
				GCC_WARN_UNUSED_VARIABLE = YES;
				IPHONEOS_DEPLOYMENT_TARGET = 11.0;
				MTL_ENABLE_DEBUG_INFO = INCLUDE_SOURCE;
				MTL_FAST_MATH = YES;
				ONLY_ACTIVE_ARCH = YES;
				SDKROOT = iphoneos;
				SWIFT_ACTIVE_COMPILATION_CONDITIONS = DEBUG;
				SWIFT_OPTIMIZATION_LEVEL = "-Onone";
			};
			name = Debug;
		};
		38D256462A050C7C00E9474C /* Release */ = {
			isa = XCBuildConfiguration;
			buildSettings = {
				ALWAYS_SEARCH_USER_PATHS = NO;
				CLANG_ANALYZER_NONNULL = YES;
				CLANG_ANALYZER_NUMBER_OBJECT_CONVERSION = YES_AGGRESSIVE;
				CLANG_CXX_LANGUAGE_STANDARD = "gnu++17";
				CLANG_CXX_LIBRARY = "libc++";
				CLANG_ENABLE_MODULES = YES;
				CLANG_ENABLE_OBJC_ARC = YES;
				CLANG_ENABLE_OBJC_WEAK = YES;
				CLANG_WARN_BLOCK_CAPTURE_AUTORELEASING = YES;
				CLANG_WARN_BOOL_CONVERSION = YES;
				CLANG_WARN_COMMA = YES;
				CLANG_WARN_CONSTANT_CONVERSION = YES;
				CLANG_WARN_DEPRECATED_OBJC_IMPLEMENTATIONS = YES;
				CLANG_WARN_DIRECT_OBJC_ISA_USAGE = YES_ERROR;
				CLANG_WARN_DOCUMENTATION_COMMENTS = YES;
				CLANG_WARN_EMPTY_BODY = YES;
				CLANG_WARN_ENUM_CONVERSION = YES;
				CLANG_WARN_INFINITE_RECURSION = YES;
				CLANG_WARN_INT_CONVERSION = YES;
				CLANG_WARN_NON_LITERAL_NULL_CONVERSION = YES;
				CLANG_WARN_OBJC_IMPLICIT_RETAIN_SELF = YES;
				CLANG_WARN_OBJC_LITERAL_CONVERSION = YES;
				CLANG_WARN_OBJC_ROOT_CLASS = YES_ERROR;
				CLANG_WARN_QUOTED_INCLUDE_IN_FRAMEWORK_HEADER = YES;
				CLANG_WARN_RANGE_LOOP_ANALYSIS = YES;
				CLANG_WARN_STRICT_PROTOTYPES = YES;
				CLANG_WARN_SUSPICIOUS_MOVE = YES;
				CLANG_WARN_UNGUARDED_AVAILABILITY = YES_AGGRESSIVE;
				CLANG_WARN_UNREACHABLE_CODE = YES;
				CLANG_WARN__DUPLICATE_METHOD_MATCH = YES;
				COPY_PHASE_STRIP = NO;
				DEBUG_INFORMATION_FORMAT = "dwarf-with-dsym";
				ENABLE_NS_ASSERTIONS = NO;
				ENABLE_STRICT_OBJC_MSGSEND = YES;
				GCC_C_LANGUAGE_STANDARD = gnu11;
				GCC_NO_COMMON_BLOCKS = YES;
				GCC_WARN_64_TO_32_BIT_CONVERSION = YES;
				GCC_WARN_ABOUT_RETURN_TYPE = YES_ERROR;
				GCC_WARN_UNDECLARED_SELECTOR = YES;
				GCC_WARN_UNINITIALIZED_AUTOS = YES_AGGRESSIVE;
				GCC_WARN_UNUSED_FUNCTION = YES;
				GCC_WARN_UNUSED_VARIABLE = YES;
				IPHONEOS_DEPLOYMENT_TARGET = 11.0;
				MTL_ENABLE_DEBUG_INFO = NO;
				MTL_FAST_MATH = YES;
				SDKROOT = iphoneos;
				SWIFT_COMPILATION_MODE = wholemodule;
				SWIFT_OPTIMIZATION_LEVEL = "-O";
				VALIDATE_PRODUCT = YES;
			};
			name = Release;
		};
		38D256482A050C7C00E9474C /* Debug */ = {
			isa = XCBuildConfiguration;
			baseConfigurationReference = 9D873E1ADBFE53D11D63C143 /* Pods-iswift-lil-software.debug.xcconfig */;
			buildSettings = {
				ASSETCATALOG_COMPILER_APPICON_NAME = AppIcon;
				ASSETCATALOG_COMPILER_GLOBAL_ACCENT_COLOR_NAME = AccentColor;
				CODE_SIGN_STYLE = Automatic;
				CURRENT_PROJECT_VERSION = 1;
				GENERATE_INFOPLIST_FILE = YES;
				INFOPLIST_FILE = "iswift-lil-software/Info.plist";
				INFOPLIST_KEY_UIApplicationSupportsIndirectInputEvents = YES;
				INFOPLIST_KEY_UILaunchStoryboardName = LaunchScreen;
				INFOPLIST_KEY_UIMainStoryboardFile = Main;
				INFOPLIST_KEY_UISupportedInterfaceOrientations_iPad = "UIInterfaceOrientationPortrait UIInterfaceOrientationPortraitUpsideDown UIInterfaceOrientationLandscapeLeft UIInterfaceOrientationLandscapeRight";
				INFOPLIST_KEY_UISupportedInterfaceOrientations_iPhone = "UIInterfaceOrientationPortrait UIInterfaceOrientationLandscapeLeft UIInterfaceOrientationLandscapeRight";
				LD_RUNPATH_SEARCH_PATHS = (
					"$(inherited)",
					"@executable_path/Frameworks",
				);
				MARKETING_VERSION = 1.0;
				PRODUCT_BUNDLE_IDENTIFIER = "com.anggifergian.iswift-lil-software";
				PRODUCT_NAME = "$(TARGET_NAME)";
				SWIFT_EMIT_LOC_STRINGS = YES;
				SWIFT_VERSION = 5.0;
				TARGETED_DEVICE_FAMILY = "1,2";
			};
			name = Debug;
		};
		38D256492A050C7C00E9474C /* Release */ = {
			isa = XCBuildConfiguration;
			baseConfigurationReference = 15F55FC76296C0B55F05C3F2 /* Pods-iswift-lil-software.release.xcconfig */;
			buildSettings = {
				ASSETCATALOG_COMPILER_APPICON_NAME = AppIcon;
				ASSETCATALOG_COMPILER_GLOBAL_ACCENT_COLOR_NAME = AccentColor;
				CODE_SIGN_STYLE = Automatic;
				CURRENT_PROJECT_VERSION = 1;
				GENERATE_INFOPLIST_FILE = YES;
				INFOPLIST_FILE = "iswift-lil-software/Info.plist";
				INFOPLIST_KEY_UIApplicationSupportsIndirectInputEvents = YES;
				INFOPLIST_KEY_UILaunchStoryboardName = LaunchScreen;
				INFOPLIST_KEY_UIMainStoryboardFile = Main;
				INFOPLIST_KEY_UISupportedInterfaceOrientations_iPad = "UIInterfaceOrientationPortrait UIInterfaceOrientationPortraitUpsideDown UIInterfaceOrientationLandscapeLeft UIInterfaceOrientationLandscapeRight";
				INFOPLIST_KEY_UISupportedInterfaceOrientations_iPhone = "UIInterfaceOrientationPortrait UIInterfaceOrientationLandscapeLeft UIInterfaceOrientationLandscapeRight";
				LD_RUNPATH_SEARCH_PATHS = (
					"$(inherited)",
					"@executable_path/Frameworks",
				);
				MARKETING_VERSION = 1.0;
				PRODUCT_BUNDLE_IDENTIFIER = "com.anggifergian.iswift-lil-software";
				PRODUCT_NAME = "$(TARGET_NAME)";
				SWIFT_EMIT_LOC_STRINGS = YES;
				SWIFT_VERSION = 5.0;
				TARGETED_DEVICE_FAMILY = "1,2";
			};
			name = Release;
		};
/* End XCBuildConfiguration section */

/* Begin XCConfigurationList section */
		38D2562E2A050C7A00E9474C /* Build configuration list for PBXProject "iswift-lil-software" */ = {
			isa = XCConfigurationList;
			buildConfigurations = (
				38D256452A050C7C00E9474C /* Debug */,
				38D256462A050C7C00E9474C /* Release */,
			);
			defaultConfigurationIsVisible = 0;
			defaultConfigurationName = Release;
		};
		38D256472A050C7C00E9474C /* Build configuration list for PBXNativeTarget "iswift-lil-software" */ = {
			isa = XCConfigurationList;
			buildConfigurations = (
				38D256482A050C7C00E9474C /* Debug */,
				38D256492A050C7C00E9474C /* Release */,
			);
			defaultConfigurationIsVisible = 0;
			defaultConfigurationName = Release;
		};
/* End XCConfigurationList section */
	};
	rootObject = 38D2562B2A050C7A00E9474C /* Project object */;
}
